<?xml version="1.0" encoding="utf-8"?>
<Project ToolsVersion="4.0" xmlns="http://schemas.microsoft.com/developer/msbuild/2003">
  <ItemGroup>
    <ClCompile Include="..\..\..\source\ExportStream.cpp">
      <Filter>export</Filter>
    </ClCompile>
    <ClCompile Include="..\..\..\source\Serializer.cpp">
      <Filter>export</Filter>
    </ClCompile>
    <ClCompile Include="..\..\..\source\ImportStream.cpp">
      <Filter>import</Filter>
    </ClCompile>
  </ItemGroup>
  <ItemGroup>
    <ClInclude Include="..\..\..\include\bs\FixedPointNum.h" />
    <ClInclude Include="..\..\..\include\bs\typedef.h" />
    <ClInclude Include="..\..\..\include\bs\ExportStream.h">
      <Filter>export</Filter>
    </ClInclude>
    <ClInclude Include="..\..\..\include\bs\Serializer.h">
      <Filter>export</Filter>
    </ClInclude>
    <ClInclude Include="..\..\..\include\bs\ImportStream.h">
      <Filter>import</Filter>
    </ClInclude>
  </ItemGroup>
  <ItemGroup>
    <None Include="..\..\..\include\bs\ExportStream.inl">
      <Filter>export</Filter>
    </None>
    <None Include="..\..\..\include\bs\Serializer.inl">
      <Filter>export</Filter>
    </None>
  </ItemGroup>
  <ItemGroup>
    <Filter Include="export">
      <UniqueIdentifier>{b3d89378-44eb-47cc-8903-2e9a799a4b32}</UniqueIdentifier>
    </Filter>
    <Filter Include="import">
      <UniqueIdentifier>{94b4cde2-e827-4244-9172-e19ad6cfc7d9}</UniqueIdentifier>
    </Filter>
  </ItemGroup>
</Project>